
Microsoft Visual Studio Solution File, Format Version 12.00
# Visual Studio Version 16
VisualStudioVersion = 16.0.29409.12
MinimumVisualStudioVersion = 10.0.40219.1
Project("{9A19103F-16F7-4668-BE54-9A1E7A4F7556}") = "FoodTruckFinder.Domain", "FoodTruckFinder.Domain\FoodTruckFinder.Domain.csproj", "{D0696B4D-C6DA-473B-87EF-DE90EEEE7B24}"
EndProject
Project("{2150E333-8FDC-42A3-9474-1A3956D46DE8}") = "Solution Items", "Solution Items", "{47FF95A4-8E41-4E44-BDC8-ED688FCFBC59}"
	ProjectSection(SolutionItems) = preProject
		.editorconfig = .editorconfig
	EndProjectSection
EndProject
Project("{9A19103F-16F7-4668-BE54-9A1E7A4F7556}") = "FoodTruckFinder", "FoodTruckFinder\FoodTruckFinder.csproj", "{971E66BD-FD46-492B-B73E-0B886A691382}"
EndProject
Global
	GlobalSection(SolutionConfigurationPlatforms) = preSolution
		Debug|Any CPU = Debug|Any CPU
		Release|Any CPU = Release|Any CPU
	EndGlobalSection
	GlobalSection(ProjectConfigurationPlatforms) = postSolution
		{D0696B4D-C6DA-473B-87EF-DE90EEEE7B24}.Debug|Any CPU.ActiveCfg = Debug|Any CPU
		{D0696B4D-C6DA-473B-87EF-DE90EEEE7B24}.Debug|Any CPU.Build.0 = Debug|Any CPU
		{D0696B4D-C6DA-473B-87EF-DE90EEEE7B24}.Release|Any CPU.ActiveCfg = Release|Any CPU
		{D0696B4D-C6DA-473B-87EF-DE90EEEE7B24}.Release|Any CPU.Build.0 = Release|Any CPU
		{971E66BD-FD46-492B-B73E-0B886A691382}.Debug|Any CPU.ActiveCfg = Debug|Any CPU
		{971E66BD-FD46-492B-B73E-0B886A691382}.Debug|Any CPU.Build.0 = Debug|Any CPU
		{971E66BD-FD46-492B-B73E-0B886A691382}.Release|Any CPU.ActiveCfg = Release|Any CPU
		{971E66BD-FD46-492B-B73E-0B886A691382}.Release|Any CPU.Build.0 = Release|Any CPU
	EndGlobalSection
	GlobalSection(SolutionProperties) = preSolution
		HideSolutionNode = FALSE
	EndGlobalSection
	GlobalSection(ExtensibilityGlobals) = postSolution
		SolutionGuid = {29468BB9-1D54-4BC1-862A-376DCADF18FB}
	EndGlobalSection
EndGlobal
